// !$*UTF8*$!
{
	archiveVersion = 1;
	classes = {
	};
	objectVersion = 55;
	objects = {

/* Begin PBXBuildFile section */
		2FB9A3952D53DEDA000C49FA /* Tests_iOS.swift in Sources */ = {isa = PBXBuildFile; fileRef = 2FB9A3942D53DEDA000C49FA /* Tests_iOS.swift */; };
		2FB9A3972D53DEDA000C49FA /* Tests_iOSLaunchTests.swift in Sources */ = {isa = PBXBuildFile; fileRef = 2FB9A3962D53DEDA000C49FA /* Tests_iOSLaunchTests.swift */; };
		2FB9A3A12D53DEDA000C49FA /* Tests_macOS.swift in Sources */ = {isa = PBXBuildFile; fileRef = 2FB9A3A02D53DEDA000C49FA /* Tests_macOS.swift */; };
		2FB9A3A32D53DEDA000C49FA /* Tests_macOSLaunchTests.swift in Sources */ = {isa = PBXBuildFile; fileRef = 2FB9A3A22D53DEDA000C49FA /* Tests_macOSLaunchTests.swift */; };
		2FB9A3A42D53DEDA000C49FA /* swiftUI_basicApp.swift in Sources */ = {isa = PBXBuildFile; fileRef = 2FB9A37C2D53DED6000C49FA /* swiftUI_basicApp.swift */; };
		2FB9A3A52D53DEDA000C49FA /* swiftUI_basicApp.swift in Sources */ = {isa = PBXBuildFile; fileRef = 2FB9A37C2D53DED6000C49FA /* swiftUI_basicApp.swift */; };
		2FB9A3A62D53DEDA000C49FA /* ContentView.swift in Sources */ = {isa = PBXBuildFile; fileRef = 2FB9A37D2D53DED6000C49FA /* ContentView.swift */; };
		2FB9A3A72D53DEDA000C49FA /* ContentView.swift in Sources */ = {isa = PBXBuildFile; fileRef = 2FB9A37D2D53DED6000C49FA /* ContentView.swift */; };
		2FB9A3A82D53DEDA000C49FA /* Assets.xcassets in Resources */ = {isa = PBXBuildFile; fileRef = 2FB9A37E2D53DEDA000C49FA /* Assets.xcassets */; };
		2FB9A3A92D53DEDA000C49FA /* Assets.xcassets in Resources */ = {isa = PBXBuildFile; fileRef = 2FB9A37E2D53DEDA000C49FA /* Assets.xcassets */; };
/* End PBXBuildFile section */

/* Begin PBXContainerItemProxy section */
		2FB9A3912D53DEDA000C49FA /* PBXContainerItemProxy */ = {
			isa = PBXContainerItemProxy;
			containerPortal = 2FB9A3772D53DED5000C49FA /* Project object */;
			proxyType = 1;
			remoteGlobalIDString = 2FB9A3822D53DEDA000C49FA;
			remoteInfo = "swiftUI basic (iOS)";
		};
		2FB9A39D2D53DEDA000C49FA /* PBXContainerItemProxy */ = {
			isa = PBXContainerItemProxy;
			containerPortal = 2FB9A3772D53DED5000C49FA /* Project object */;
			proxyType = 1;
			remoteGlobalIDString = 2FB9A3882D53DEDA000C49FA;
			remoteInfo = "swiftUI basic (macOS)";
		};
/* End PBXContainerItemProxy section */

/* Begin PBXFileReference section */
		2FB9A37C2D53DED6000C49FA /* swiftUI_basicApp.swift */ = {isa = PBXFileReference; lastKnownFileType = sourcecode.swift; path = swiftUI_basicApp.swift; sourceTree = "<group>"; };
		2FB9A37D2D53DED6000C49FA /* ContentView.swift */ = {isa = PBXFileReference; lastKnownFileType = sourcecode.swift; path = ContentView.swift; sourceTree = "<group>"; };
		2FB9A37E2D53DEDA000C49FA /* Assets.xcassets */ = {isa = PBXFileReference; lastKnownFileType = folder.assetcatalog; path = Assets.xcassets; sourceTree = "<group>"; };
		2FB9A3832D53DEDA000C49FA /* swiftUI basic.app */ = {isa = PBXFileReference; explicitFileType = wrapper.application; includeInIndex = 0; path = "swiftUI basic.app"; sourceTree = BUILT_PRODUCTS_DIR; };
		2FB9A3892D53DEDA000C49FA /* swiftUI basic.app */ = {isa = PBXFileReference; explicitFileType = wrapper.application; includeInIndex = 0; path = "swiftUI basic.app"; sourceTree = BUILT_PRODUCTS_DIR; };
		2FB9A38B2D53DEDA000C49FA /* macOS.entitlements */ = {isa = PBXFileReference; lastKnownFileType = text.plist.entitlements; path = macOS.entitlements; sourceTree = "<group>"; };
		2FB9A3902D53DEDA000C49FA /* Tests iOS.xctest */ = {isa = PBXFileReference; explicitFileType = wrapper.cfbundle; includeInIndex = 0; path = "Tests iOS.xctest"; sourceTree = BUILT_PRODUCTS_DIR; };
		2FB9A3942D53DEDA000C49FA /* Tests_iOS.swift */ = {isa = PBXFileReference; lastKnownFileType = sourcecode.swift; path = Tests_iOS.swift; sourceTree = "<group>"; };
		2FB9A3962D53DEDA000C49FA /* Tests_iOSLaunchTests.swift */ = {isa = PBXFileReference; lastKnownFileType = sourcecode.swift; path = Tests_iOSLaunchTests.swift; sourceTree = "<group>"; };
		2FB9A39C2D53DEDA000C49FA /* Tests macOS.xctest */ = {isa = PBXFileReference; explicitFileType = wrapper.cfbundle; includeInIndex = 0; path = "Tests macOS.xctest"; sourceTree = BUILT_PRODUCTS_DIR; };
		2FB9A3A02D53DEDA000C49FA /* Tests_macOS.swift */ = {isa = PBXFileReference; lastKnownFileType = sourcecode.swift; path = Tests_macOS.swift; sourceTree = "<group>"; };
		2FB9A3A22D53DEDA000C49FA /* Tests_macOSLaunchTests.swift */ = {isa = PBXFileReference; lastKnownFileType = sourcecode.swift; path = Tests_macOSLaunchTests.swift; sourceTree = "<group>"; };
/* End PBXFileReference section */

/* Begin PBXFrameworksBuildPhase section */
		2FB9A3802D53DEDA000C49FA /* Frameworks */ = {
			isa = PBXFrameworksBuildPhase;
			buildActionMask = 2147483647;
			files = (
			);
			runOnlyForDeploymentPostprocessing = 0;
		};
		2FB9A3862D53DEDA000C49FA /* Frameworks */ = {
			isa = PBXFrameworksBuildPhase;
			buildActionMask = 2147483647;
			files = (
			);
			runOnlyForDeploymentPostprocessing = 0;
		};
		2FB9A38D2D53DEDA000C49FA /* Frameworks */ = {
			isa = PBXFrameworksBuildPhase;
			buildActionMask = 2147483647;
			files = (
			);
			runOnlyForDeploymentPostprocessing = 0;
		};
		2FB9A3992D53DEDA000C49FA /* Frameworks */ = {
			isa = PBXFrameworksBuildPhase;
			buildActionMask = 2147483647;
			files = (
			);
			runOnlyForDeploymentPostprocessing = 0;
		};
/* End PBXFrameworksBuildPhase section */

/* Begin PBXGroup section */
		2FB9A3762D53DED5000C49FA = {
			isa = PBXGroup;
			children = (
				2FB9A37B2D53DED6000C49FA /* Shared */,
				2FB9A38A2D53DEDA000C49FA /* macOS */,
				2FB9A3932D53DEDA000C49FA /* Tests iOS */,
				2FB9A39F2D53DEDA000C49FA /* Tests macOS */,
				2FB9A3842D53DEDA000C49FA /* Products */,
			);
			sourceTree = "<group>";
		};
		2FB9A37B2D53DED6000C49FA /* Shared */ = {
			isa = PBXGroup;
			children = (
				2FB9A37C2D53DED6000C49FA /* swiftUI_basicApp.swift */,
				2FB9A37D2D53DED6000C49FA /* ContentView.swift */,
				2FB9A37E2D53DEDA000C49FA /* Assets.xcassets */,
			);
			path = Shared;
			sourceTree = "<group>";
		};
		2FB9A3842D53DEDA000C49FA /* Products */ = {
			isa = PBXGroup;
			children = (
				2FB9A3832D53DEDA000C49FA /* swiftUI basic.app */,
				2FB9A3892D53DEDA000C49FA /* swiftUI basic.app */,
				2FB9A3902D53DEDA000C49FA /* Tests iOS.xctest */,
				2FB9A39C2D53DEDA000C49FA /* Tests macOS.xctest */,
			);
			name = Products;
			sourceTree = "<group>";
		};
		2FB9A38A2D53DEDA000C49FA /* macOS */ = {
			isa = PBXGroup;
			children = (
				2FB9A38B2D53DEDA000C49FA /* macOS.entitlements */,
			);
			path = macOS;
			sourceTree = "<group>";
		};
		2FB9A3932D53DEDA000C49FA /* Tests iOS */ = {
			isa = PBXGroup;
			children = (
				2FB9A3942D53DEDA000C49FA /* Tests_iOS.swift */,
				2FB9A3962D53DEDA000C49FA /* Tests_iOSLaunchTests.swift */,
			);
			path = "Tests iOS";
			sourceTree = "<group>";
		};
		2FB9A39F2D53DEDA000C49FA /* Tests macOS */ = {
			isa = PBXGroup;
			children = (
				2FB9A3A02D53DEDA000C49FA /* Tests_macOS.swift */,
				2FB9A3A22D53DEDA000C49FA /* Tests_macOSLaunchTests.swift */,
			);
			path = "Tests macOS";
			sourceTree = "<group>";
		};
/* End PBXGroup section */

/* Begin PBXNativeTarget section */
		2FB9A3822D53DEDA000C49FA /* swiftUI basic (iOS) */ = {
			isa = PBXNativeTarget;
			buildConfigurationList = 2FB9A3AC2D53DEDA000C49FA /* Build configuration list for PBXNativeTarget "swiftUI basic (iOS)" */;
			buildPhases = (
				2FB9A37F2D53DEDA000C49FA /* Sources */,
				2FB9A3802D53DEDA000C49FA /* Frameworks */,
				2FB9A3812D53DEDA000C49FA /* Resources */,
			);
			buildRules = (
			);
			dependencies = (
			);
			name = "swiftUI basic (iOS)";
			productName = "swiftUI basic (iOS)";
			productReference = 2FB9A3832D53DEDA000C49FA /* swiftUI basic.app */;
			productType = "com.apple.product-type.application";
		};
		2FB9A3882D53DEDA000C49FA /* swiftUI basic (macOS) */ = {
			isa = PBXNativeTarget;
			buildConfigurationList = 2FB9A3AF2D53DEDA000C49FA /* Build configuration list for PBXNativeTarget "swiftUI basic (macOS)" */;
			buildPhases = (
				2FB9A3852D53DEDA000C49FA /* Sources */,
				2FB9A3862D53DEDA000C49FA /* Frameworks */,
				2FB9A3872D53DEDA000C49FA /* Resources */,
			);
			buildRules = (
			);
			dependencies = (
			);
			name = "swiftUI basic (macOS)";
			productName = "swiftUI basic (macOS)";
			productReference = 2FB9A3892D53DEDA000C49FA /* swiftUI basic.app */;
			productType = "com.apple.product-type.application";
		};
		2FB9A38F2D53DEDA000C49FA /* Tests iOS */ = {
			isa = PBXNativeTarget;
			buildConfigurationList = 2FB9A3B22D53DEDA000C49FA /* Build configuration list for PBXNativeTarget "Tests iOS" */;
			buildPhases = (
				2FB9A38C2D53DEDA000C49FA /* Sources */,
				2FB9A38D2D53DEDA000C49FA /* Frameworks */,
				2FB9A38E2D53DEDA000C49FA /* Resources */,
			);
			buildRules = (
			);
			dependencies = (
				2FB9A3922D53DEDA000C49FA /* PBXTargetDependency */,
			);
			name = "Tests iOS";
			productName = "Tests iOS";
			productReference = 2FB9A3902D53DEDA000C49FA /* Tests iOS.xctest */;
			productType = "com.apple.product-type.bundle.ui-testing";
		};
		2FB9A39B2D53DEDA000C49FA /* Tests macOS */ = {
			isa = PBXNativeTarget;
			buildConfigurationList = 2FB9A3B52D53DEDA000C49FA /* Build configuration list for PBXNativeTarget "Tests macOS" */;
			buildPhases = (
				2FB9A3982D53DEDA000C49FA /* Sources */,
				2FB9A3992D53DEDA000C49FA /* Frameworks */,
				2FB9A39A2D53DEDA000C49FA /* Resources */,
			);
			buildRules = (
			);
			dependencies = (
				2FB9A39E2D53DEDA000C49FA /* PBXTargetDependency */,
			);
			name = "Tests macOS";
			productName = "Tests macOS";
			productReference = 2FB9A39C2D53DEDA000C49FA /* Tests macOS.xctest */;
			productType = "com.apple.product-type.bundle.ui-testing";
		};
/* End PBXNativeTarget section */

/* Begin PBXProject section */
		2FB9A3772D53DED5000C49FA /* Project object */ = {
			isa = PBXProject;
			attributes = {
				BuildIndependentTargetsInParallel = 1;
				LastSwiftUpdateCheck = 1320;
				LastUpgradeCheck = 1320;
				TargetAttributes = {
					2FB9A3822D53DEDA000C49FA = {
						CreatedOnToolsVersion = 13.2;
					};
					2FB9A3882D53DEDA000C49FA = {
						CreatedOnToolsVersion = 13.2;
					};
					2FB9A38F2D53DEDA000C49FA = {
						CreatedOnToolsVersion = 13.2;
						TestTargetID = 2FB9A3822D53DEDA000C49FA;
					};
					2FB9A39B2D53DEDA000C49FA = {
						CreatedOnToolsVersion = 13.2;
						TestTargetID = 2FB9A3882D53DEDA000C49FA;
					};
				};
			};
			buildConfigurationList = 2FB9A37A2D53DED5000C49FA /* Build configuration list for PBXProject "swiftUI basic" */;
			compatibilityVersion = "Xcode 13.0";
			developmentRegion = en;
			hasScannedForEncodings = 0;
			knownRegions = (
				en,
				Base,
			);
			mainGroup = 2FB9A3762D53DED5000C49FA;
			productRefGroup = 2FB9A3842D53DEDA000C49FA /* Products */;
			projectDirPath = "";
			projectRoot = "";
			targets = (
				2FB9A3822D53DEDA000C49FA /* swiftUI basic (iOS) */,
				2FB9A3882D53DEDA000C49FA /* swiftUI basic (macOS) */,
				2FB9A38F2D53DEDA000C49FA /* Tests iOS */,
				2FB9A39B2D53DEDA000C49FA /* Tests macOS */,
			);
		};
/* End PBXProject section */

/* Begin PBXResourcesBuildPhase section */
		2FB9A3812D53DEDA000C49FA /* Resources */ = {
			isa = PBXResourcesBuildPhase;
			buildActionMask = 2147483647;
			files = (
				2FB9A3A82D53DEDA000C49FA /* Assets.xcassets in Resources */,
			);
			runOnlyForDeploymentPostprocessing = 0;
		};
		2FB9A3872D53DEDA000C49FA /* Resources */ = {
			isa = PBXResourcesBuildPhase;
			buildActionMask = 2147483647;
			files = (
				2FB9A3A92D53DEDA000C49FA /* Assets.xcassets in Resources */,
			);
			runOnlyForDeploymentPostprocessing = 0;
		};
		2FB9A38E2D53DEDA000C49FA /* Resources */ = {
			isa = PBXResourcesBuildPhase;
			buildActionMask = 2147483647;
			files = (
			);
			runOnlyForDeploymentPostprocessing = 0;
		};
		2FB9A39A2D53DEDA000C49FA /* Resources */ = {
			isa = PBXResourcesBuildPhase;
			buildActionMask = 2147483647;
			files = (
			);
			runOnlyForDeploymentPostprocessing = 0;
		};
/* End PBXResourcesBuildPhase section */

/* Begin PBXSourcesBuildPhase section */
		2FB9A37F2D53DEDA000C49FA /* Sources */ = {
			isa = PBXSourcesBuildPhase;
			buildActionMask = 2147483647;
			files = (
				2FB9A3A62D53DEDA000C49FA /* ContentView.swift in Sources */,
				2FB9A3A42D53DEDA000C49FA /* swiftUI_basicApp.swift in Sources */,
			);
			runOnlyForDeploymentPostprocessing = 0;
		};
		2FB9A3852D53DEDA000C49FA /* Sources */ = {
			isa = PBXSourcesBuildPhase;
			buildActionMask = 2147483647;
			files = (
				2FB9A3A72D53DEDA000C49FA /* ContentView.swift in Sources */,
				2FB9A3A52D53DEDA000C49FA /* swiftUI_basicApp.swift in Sources */,
			);
			runOnlyForDeploymentPostprocessing = 0;
		};
		2FB9A38C2D53DEDA000C49FA /* Sources */ = {
			isa = PBXSourcesBuildPhase;
			buildActionMask = 2147483647;
			files = (
				2FB9A3972D53DEDA000C49FA /* Tests_iOSLaunchTests.swift in Sources */,
				2FB9A3952D53DEDA000C49FA /* Tests_iOS.swift in Sources */,
			);
			runOnlyForDeploymentPostprocessing = 0;
		};
		2FB9A3982D53DEDA000C49FA /* Sources */ = {
			isa = PBXSourcesBuildPhase;
			buildActionMask = 2147483647;
			files = (
				2FB9A3A32D53DEDA000C49FA /* Tests_macOSLaunchTests.swift in Sources */,
				2FB9A3A12D53DEDA000C49FA /* Tests_macOS.swift in Sources */,
			);
			runOnlyForDeploymentPostprocessing = 0;
		};
/* End PBXSourcesBuildPhase section */

/* Begin PBXTargetDependency section */
		2FB9A3922D53DEDA000C49FA /* PBXTargetDependency */ = {
			isa = PBXTargetDependency;
			target = 2FB9A3822D53DEDA000C49FA /* swiftUI basic (iOS) */;
			targetProxy = 2FB9A3912D53DEDA000C49FA /* PBXContainerItemProxy */;
		};
		2FB9A39E2D53DEDA000C49FA /* PBXTargetDependency */ = {
			isa = PBXTargetDependency;
			target = 2FB9A3882D53DEDA000C49FA /* swiftUI basic (macOS) */;
			targetProxy = 2FB9A39D2D53DEDA000C49FA /* PBXContainerItemProxy */;
		};
/* End PBXTargetDependency section */

/* Begin XCBuildConfiguration section */
		2FB9A3AA2D53DEDA000C49FA /* Debug */ = {
			isa = XCBuildConfiguration;
			buildSettings = {
				ALWAYS_SEARCH_USER_PATHS = NO;
				CLANG_ANALYZER_NONNULL = YES;
				CLANG_ANALYZER_NUMBER_OBJECT_CONVERSION = YES_AGGRESSIVE;
				CLANG_CXX_LANGUAGE_STANDARD = "gnu++17";
				CLANG_CXX_LIBRARY = "libc++";
				CLANG_ENABLE_MODULES = YES;
				CLANG_ENABLE_OBJC_ARC = YES;
				CLANG_ENABLE_OBJC_WEAK = YES;
				CLANG_WARN_BLOCK_CAPTURE_AUTORELEASING = YES;
				CLANG_WARN_BOOL_CONVERSION = YES;
				CLANG_WARN_COMMA = YES;
				CLANG_WARN_CONSTANT_CONVERSION = YES;
				CLANG_WARN_DEPRECATED_OBJC_IMPLEMENTATIONS = YES;
				CLANG_WARN_DIRECT_OBJC_ISA_USAGE = YES_ERROR;
				CLANG_WARN_DOCUMENTATION_COMMENTS = YES;
				CLANG_WARN_EMPTY_BODY = YES;
				CLANG_WARN_ENUM_CONVERSION = YES;
				CLANG_WARN_INFINITE_RECURSION = YES;
				CLANG_WARN_INT_CONVERSION = YES;
				CLANG_WARN_NON_LITERAL_NULL_CONVERSION = YES;
				CLANG_WARN_OBJC_IMPLICIT_RETAIN_SELF = YES;
				CLANG_WARN_OBJC_LITERAL_CONVERSION = YES;
				CLANG_WARN_OBJC_ROOT_CLASS = YES_ERROR;
				CLANG_WARN_QUOTED_INCLUDE_IN_FRAMEWORK_HEADER = YES;
				CLANG_WARN_RANGE_LOOP_ANALYSIS = YES;
				CLANG_WARN_STRICT_PROTOTYPES = YES;
				CLANG_WARN_SUSPICIOUS_MOVE = YES;
				CLANG_WARN_UNGUARDED_AVAILABILITY = YES_AGGRESSIVE;
				CLANG_WARN_UNREACHABLE_CODE = YES;
				CLANG_WARN__DUPLICATE_METHOD_MATCH = YES;
				COPY_PHASE_STRIP = NO;
				DEBUG_INFORMATION_FORMAT = dwarf;
				ENABLE_STRICT_OBJC_MSGSEND = YES;
				ENABLE_TESTABILITY = YES;
				GCC_C_LANGUAGE_STANDARD = gnu11;
				GCC_DYNAMIC_NO_PIC = NO;
				GCC_NO_COMMON_BLOCKS = YES;
				GCC_OPTIMIZATION_LEVEL = 0;
				GCC_PREPROCESSOR_DEFINITIONS = (
					"DEBUG=1",
					"$(inherited)",
				);
				GCC_WARN_64_TO_32_BIT_CONVERSION = YES;
				GCC_WARN_ABOUT_RETURN_TYPE = YES_ERROR;
				GCC_WARN_UNDECLARED_SELECTOR = YES;
				GCC_WARN_UNINITIALIZED_AUTOS = YES_AGGRESSIVE;
				GCC_WARN_UNUSED_FUNCTION = YES;
				GCC_WARN_UNUSED_VARIABLE = YES;
				MTL_ENABLE_DEBUG_INFO = INCLUDE_SOURCE;
				MTL_FAST_MATH = YES;
				ONLY_ACTIVE_ARCH = YES;
				SWIFT_ACTIVE_COMPILATION_CONDITIONS = DEBUG;
				SWIFT_OPTIMIZATION_LEVEL = "-Onone";
			};
			name = Debug;
		};
		2FB9A3AB2D53DEDA000C49FA /* Release */ = {
			isa = XCBuildConfiguration;
			buildSettings = {
				ALWAYS_SEARCH_USER_PATHS = NO;
				CLANG_ANALYZER_NONNULL = YES;
				CLANG_ANALYZER_NUMBER_OBJECT_CONVERSION = YES_AGGRESSIVE;
				CLANG_CXX_LANGUAGE_STANDARD = "gnu++17";
				CLANG_CXX_LIBRARY = "libc++";
				CLANG_ENABLE_MODULES = YES;
				CLANG_ENABLE_OBJC_ARC = YES;
				CLANG_ENABLE_OBJC_WEAK = YES;
				CLANG_WARN_BLOCK_CAPTURE_AUTORELEASING = YES;
				CLANG_WARN_BOOL_CONVERSION = YES;
				CLANG_WARN_COMMA = YES;
				CLANG_WARN_CONSTANT_CONVERSION = YES;
				CLANG_WARN_DEPRECATED_OBJC_IMPLEMENTATIONS = YES;
				CLANG_WARN_DIRECT_OBJC_ISA_USAGE = YES_ERROR;
				CLANG_WARN_DOCUMENTATION_COMMENTS = YES;
				CLANG_WARN_EMPTY_BODY = YES;
				CLANG_WARN_ENUM_CONVERSION = YES;
				CLANG_WARN_INFINITE_RECURSION = YES;
				CLANG_WARN_INT_CONVERSION = YES;
				CLANG_WARN_NON_LITERAL_NULL_CONVERSION = YES;
				CLANG_WARN_OBJC_IMPLICIT_RETAIN_SELF = YES;
				CLANG_WARN_OBJC_LITERAL_CONVERSION = YES;
				CLANG_WARN_OBJC_ROOT_CLASS = YES_ERROR;
				CLANG_WARN_QUOTED_INCLUDE_IN_FRAMEWORK_HEADER = YES;
				CLANG_WARN_RANGE_LOOP_ANALYSIS = YES;
				CLANG_WARN_STRICT_PROTOTYPES = YES;
				CLANG_WARN_SUSPICIOUS_MOVE = YES;
				CLANG_WARN_UNGUARDED_AVAILABILITY = YES_AGGRESSIVE;
				CLANG_WARN_UNREACHABLE_CODE = YES;
				CLANG_WARN__DUPLICATE_METHOD_MATCH = YES;
				COPY_PHASE_STRIP = NO;
				DEBUG_INFORMATION_FORMAT = "dwarf-with-dsym";
				ENABLE_NS_ASSERTIONS = NO;
				ENABLE_STRICT_OBJC_MSGSEND = YES;
				GCC_C_LANGUAGE_STANDARD = gnu11;
				GCC_NO_COMMON_BLOCKS = YES;
				GCC_WARN_64_TO_32_BIT_CONVERSION = YES;
				GCC_WARN_ABOUT_RETURN_TYPE = YES_ERROR;
				GCC_WARN_UNDECLARED_SELECTOR = YES;
				GCC_WARN_UNINITIALIZED_AUTOS = YES_AGGRESSIVE;
				GCC_WARN_UNUSED_FUNCTION = YES;
				GCC_WARN_UNUSED_VARIABLE = YES;
				MTL_ENABLE_DEBUG_INFO = NO;
				MTL_FAST_MATH = YES;
				SWIFT_COMPILATION_MODE = wholemodule;
				SWIFT_OPTIMIZATION_LEVEL = "-O";
			};
			name = Release;
		};
		2FB9A3AD2D53DEDA000C49FA /* Debug */ = {
			isa = XCBuildConfiguration;
			buildSettings = {
				ASSETCATALOG_COMPILER_APPICON_NAME = AppIcon;
				ASSETCATALOG_COMPILER_GLOBAL_ACCENT_COLOR_NAME = AccentColor;
				CODE_SIGN_STYLE = Automatic;
				CURRENT_PROJECT_VERSION = 1;
				DEVELOPMENT_TEAM = 83TNTCWHH6;
				ENABLE_PREVIEWS = YES;
				GENERATE_INFOPLIST_FILE = YES;
				INFOPLIST_KEY_UIApplicationSceneManifest_Generation = YES;
				INFOPLIST_KEY_UIApplicationSupportsIndirectInputEvents = YES;
				INFOPLIST_KEY_UILaunchScreen_Generation = YES;
				INFOPLIST_KEY_UISupportedInterfaceOrientations_iPad = "UIInterfaceOrientationPortrait UIInterfaceOrientationPortraitUpsideDown UIInterfaceOrientationLandscapeLeft UIInterfaceOrientationLandscapeRight";
				INFOPLIST_KEY_UISupportedInterfaceOrientations_iPhone = "UIInterfaceOrientationPortrait UIInterfaceOrientationLandscapeLeft UIInterfaceOrientationLandscapeRight";
				IPHONEOS_DEPLOYMENT_TARGET = 15.2;
				LD_RUNPATH_SEARCH_PATHS = (
					"$(inherited)",
					"@executable_path/Frameworks",
				);
				MARKETING_VERSION = 1.0;
				PRODUCT_BUNDLE_IDENTIFIER = "com.vicky.swifui.swiftUI-basic";
				PRODUCT_NAME = "swiftUI basic";
				SDKROOT = iphoneos;
				SWIFT_EMIT_LOC_STRINGS = YES;
				SWIFT_VERSION = 5.0;
				TARGETED_DEVICE_FAMILY = "1,2";
			};
			name = Debug;
		};
		2FB9A3AE2D53DEDA000C49FA /* Release */ = {
			isa = XCBuildConfiguration;
			buildSettings = {
				ASSETCATALOG_COMPILER_APPICON_NAME = AppIcon;
				ASSETCATALOG_COMPILER_GLOBAL_ACCENT_COLOR_NAME = AccentColor;
				CODE_SIGN_STYLE = Automatic;
				CURRENT_PROJECT_VERSION = 1;
				DEVELOPMENT_TEAM = 83TNTCWHH6;
				ENABLE_PREVIEWS = YES;
				GENERATE_INFOPLIST_FILE = YES;
				INFOPLIST_KEY_UIApplicationSceneManifest_Generation = YES;
				INFOPLIST_KEY_UIApplicationSupportsIndirectInputEvents = YES;
				INFOPLIST_KEY_UILaunchScreen_Generation = YES;
				INFOPLIST_KEY_UISupportedInterfaceOrientations_iPad = "UIInterfaceOrientationPortrait UIInterfaceOrientationPortraitUpsideDown UIInterfaceOrientationLandscapeLeft UIInterfaceOrientationLandscapeRight";
				INFOPLIST_KEY_UISupportedInterfaceOrientations_iPhone = "UIInterfaceOrientationPortrait UIInterfaceOrientationLandscapeLeft UIInterfaceOrientationLandscapeRight";
				IPHONEOS_DEPLOYMENT_TARGET = 15.2;
				LD_RUNPATH_SEARCH_PATHS = (
					"$(inherited)",
					"@executable_path/Frameworks",
				);
				MARKETING_VERSION = 1.0;
				PRODUCT_BUNDLE_IDENTIFIER = "com.vicky.swifui.swiftUI-basic";
				PRODUCT_NAME = "swiftUI basic";
				SDKROOT = iphoneos;
				SWIFT_EMIT_LOC_STRINGS = YES;
				SWIFT_VERSION = 5.0;
				TARGETED_DEVICE_FAMILY = "1,2";
				VALIDATE_PRODUCT = YES;
			};
			name = Release;
		};
		2FB9A3B02D53DEDA000C49FA /* Debug */ = {
			isa = XCBuildConfiguration;
			buildSettings = {
				ASSETCATALOG_COMPILER_APPICON_NAME = AppIcon;
				ASSETCATALOG_COMPILER_GLOBAL_ACCENT_COLOR_NAME = AccentColor;
				CODE_SIGN_ENTITLEMENTS = macOS/macOS.entitlements;
				CODE_SIGN_STYLE = Automatic;
				COMBINE_HIDPI_IMAGES = YES;
				CURRENT_PROJECT_VERSION = 1;
				DEVELOPMENT_TEAM = 83TNTCWHH6;
				ENABLE_HARDENED_RUNTIME = YES;
				ENABLE_PREVIEWS = YES;
				GENERATE_INFOPLIST_FILE = YES;
				INFOPLIST_KEY_NSHumanReadableCopyright = "";
				LD_RUNPATH_SEARCH_PATHS = (
					"$(inherited)",
					"@executable_path/../Frameworks",
				);
				MACOSX_DEPLOYMENT_TARGET = 11.7;
				MARKETING_VERSION = 1.0;
				PRODUCT_BUNDLE_IDENTIFIER = "com.vicky.swifui.swiftUI-basic";
				PRODUCT_NAME = "swiftUI basic";
				SDKROOT = macosx;
				SWIFT_EMIT_LOC_STRINGS = YES;
				SWIFT_VERSION = 5.0;
			};
			name = Debug;
		};
		2FB9A3B12D53DEDA000C49FA /* Release */ = {
			isa = XCBuildConfiguration;
			buildSettings = {
				ASSETCATALOG_COMPILER_APPICON_NAME = AppIcon;
				ASSETCATALOG_COMPILER_GLOBAL_ACCENT_COLOR_NAME = AccentColor;
				CODE_SIGN_ENTITLEMENTS = macOS/macOS.entitlements;
				CODE_SIGN_STYLE = Automatic;
				COMBINE_HIDPI_IMAGES = YES;
				CURRENT_PROJECT_VERSION = 1;
				DEVELOPMENT_TEAM = 83TNTCWHH6;
				ENABLE_HARDENED_RUNTIME = YES;
				ENABLE_PREVIEWS = YES;
				GENERATE_INFOPLIST_FILE = YES;
				INFOPLIST_KEY_NSHumanReadableCopyright = "";
				LD_RUNPATH_SEARCH_PATHS = (
					"$(inherited)",
					"@executable_path/../Frameworks",
				);
				MACOSX_DEPLOYMENT_TARGET = 11.7;
				MARKETING_VERSION = 1.0;
				PRODUCT_BUNDLE_IDENTIFIER = "com.vicky.swifui.swiftUI-basic";
				PRODUCT_NAME = "swiftUI basic";
				SDKROOT = macosx;
				SWIFT_EMIT_LOC_STRINGS = YES;
				SWIFT_VERSION = 5.0;
			};
			name = Release;
		};
		2FB9A3B32D53DEDA000C49FA /* Debug */ = {
			isa = XCBuildConfiguration;
			buildSettings = {
				ALWAYS_EMBED_SWIFT_STANDARD_LIBRARIES = YES;
				CODE_SIGN_STYLE = Automatic;
				CURRENT_PROJECT_VERSION = 1;
				DEVELOPMENT_TEAM = 83TNTCWHH6;
				GENERATE_INFOPLIST_FILE = YES;
				IPHONEOS_DEPLOYMENT_TARGET = 15.2;
				MARKETING_VERSION = 1.0;
				PRODUCT_BUNDLE_IDENTIFIER = "com.vicky.swifui.Tests-iOS";
				PRODUCT_NAME = "$(TARGET_NAME)";
				SDKROOT = iphoneos;
				SWIFT_EMIT_LOC_STRINGS = NO;
				SWIFT_VERSION = 5.0;
				TARGETED_DEVICE_FAMILY = "1,2";
				TEST_TARGET_NAME = "swiftUI basic (iOS)";
			};
			name = Debug;
		};
		2FB9A3B42D53DEDA000C49FA /* Release */ = {
			isa = XCBuildConfiguration;
			buildSettings = {
				ALWAYS_EMBED_SWIFT_STANDARD_LIBRARIES = YES;
				CODE_SIGN_STYLE = Automatic;
				CURRENT_PROJECT_VERSION = 1;
				DEVELOPMENT_TEAM = 83TNTCWHH6;
				GENERATE_INFOPLIST_FILE = YES;
				IPHONEOS_DEPLOYMENT_TARGET = 15.2;
				MARKETING_VERSION = 1.0;
				PRODUCT_BUNDLE_IDENTIFIER = "com.vicky.swifui.Tests-iOS";
				PRODUCT_NAME = "$(TARGET_NAME)";
				SDKROOT = iphoneos;
				SWIFT_EMIT_LOC_STRINGS = NO;
				SWIFT_VERSION = 5.0;
				TARGETED_DEVICE_FAMILY = "1,2";
				TEST_TARGET_NAME = "swiftUI basic (iOS)";
				VALIDATE_PRODUCT = YES;
			};
			name = Release;
		};
		2FB9A3B62D53DEDA000C49FA /* Debug */ = {
			isa = XCBuildConfiguration;
			buildSettings = {
				ALWAYS_EMBED_SWIFT_STANDARD_LIBRARIES = YES;
				CODE_SIGN_STYLE = Automatic;
				CURRENT_PROJECT_VERSION = 1;
				DEVELOPMENT_TEAM = 83TNTCWHH6;
				GENERATE_INFOPLIST_FILE = YES;
				MACOSX_DEPLOYMENT_TARGET = 11.7;
				MARKETING_VERSION = 1.0;
				PRODUCT_BUNDLE_IDENTIFIER = "com.vicky.swifui.Tests-macOS";
				PRODUCT_NAME = "$(TARGET_NAME)";
				SDKROOT = macosx;
				SWIFT_EMIT_LOC_STRINGS = NO;
				SWIFT_VERSION = 5.0;
				TEST_TARGET_NAME = "swiftUI basic (macOS)";
			};
			name = Debug;
		};
		2FB9A3B72D53DEDA000C49FA /* Release */ = {
			isa = XCBuildConfiguration;
			buildSettings = {
				ALWAYS_EMBED_SWIFT_STANDARD_LIBRARIES = YES;
				CODE_SIGN_STYLE = Automatic;
				CURRENT_PROJECT_VERSION = 1;
				DEVELOPMENT_TEAM = 83TNTCWHH6;
				GENERATE_INFOPLIST_FILE = YES;
				MACOSX_DEPLOYMENT_TARGET = 11.7;
				MARKETING_VERSION = 1.0;
				PRODUCT_BUNDLE_IDENTIFIER = "com.vicky.swifui.Tests-macOS";
				PRODUCT_NAME = "$(TARGET_NAME)";
				SDKROOT = macosx;
				SWIFT_EMIT_LOC_STRINGS = NO;
				SWIFT_VERSION = 5.0;
				TEST_TARGET_NAME = "swiftUI basic (macOS)";
			};
			name = Release;
		};
/* End XCBuildConfiguration section */

/* Begin XCConfigurationList section */
		2FB9A37A2D53DED5000C49FA /* Build configuration list for PBXProject "swiftUI basic" */ = {
			isa = XCConfigurationList;
			buildConfigurations = (
				2FB9A3AA2D53DEDA000C49FA /* Debug */,
				2FB9A3AB2D53DEDA000C49FA /* Release */,
			);
			defaultConfigurationIsVisible = 0;
			defaultConfigurationName = Release;
		};
		2FB9A3AC2D53DEDA000C49FA /* Build configuration list for PBXNativeTarget "swiftUI basic (iOS)" */ = {
			isa = XCConfigurationList;
			buildConfigurations = (
				2FB9A3AD2D53DEDA000C49FA /* Debug */,
				2FB9A3AE2D53DEDA000C49FA /* Release */,
			);
			defaultConfigurationIsVisible = 0;
			defaultConfigurationName = Release;
		};
		2FB9A3AF2D53DEDA000C49FA /* Build configuration list for PBXNativeTarget "swiftUI basic (macOS)" */ = {
			isa = XCConfigurationList;
			buildConfigurations = (
				2FB9A3B02D53DEDA000C49FA /* Debug */,
				2FB9A3B12D53DEDA000C49FA /* Release */,
			);
			defaultConfigurationIsVisible = 0;
			defaultConfigurationName = Release;
		};
		2FB9A3B22D53DEDA000C49FA /* Build configuration list for PBXNativeTarget "Tests iOS" */ = {
			isa = XCConfigurationList;
			buildConfigurations = (
				2FB9A3B32D53DEDA000C49FA /* Debug */,
				2FB9A3B42D53DEDA000C49FA /* Release */,
			);
			defaultConfigurationIsVisible = 0;
			defaultConfigurationName = Release;
		};
		2FB9A3B52D53DEDA000C49FA /* Build configuration list for PBXNativeTarget "Tests macOS" */ = {
			isa = XCConfigurationList;
			buildConfigurations = (
				2FB9A3B62D53DEDA000C49FA /* Debug */,
				2FB9A3B72D53DEDA000C49FA /* Release */,
			);
			defaultConfigurationIsVisible = 0;
			defaultConfigurationName = Release;
		};
/* End XCConfigurationList section */
	};
	rootObject = 2FB9A3772D53DED5000C49FA /* Project object */;
}
